
Microsoft Visual Studio Solution File, Format Version 12.00
# Visual Studio Version 17
VisualStudioVersion = 17.0.32014.148
MinimumVisualStudioVersion = 10.0.40219.1
Project("{FAE04EC0-301F-11D3-BF4B-00C04F79EFBC}") = "Champions League draw", "Champions League draw.csproj", "{8E51BB52-FEBD-4CE6-873B-ED554AD860A4}"
EndProject
Global
	GlobalSection(SolutionConfigurationPlatforms) = preSolution
		Debug|Any CPU = Debug|Any CPU
		Release|Any CPU = Release|Any CPU
	EndGlobalSection
	GlobalSection(ProjectConfigurationPlatforms) = postSolution
		{8E51BB52-FEBD-4CE6-873B-ED554AD860A4}.Debug|Any CPU.ActiveCfg = Debug|Any CPU
		{8E51BB52-FEBD-4CE6-873B-ED554AD860A4}.Debug|Any CPU.Build.0 = Debug|Any CPU
		{8E51BB52-FEBD-4CE6-873B-ED554AD860A4}.Release|Any CPU.ActiveCfg = Release|Any CPU
		{8E51BB52-FEBD-4CE6-873B-ED554AD860A4}.Release|Any CPU.Build.0 = Release|Any CPU
	EndGlobalSection
	GlobalSection(SolutionProperties) = preSolution
		HideSolutionNode = FALSE
	EndGlobalSection
	GlobalSection(ExtensibilityGlobals) = postSolution
		SolutionGuid = {D00F81C7-D2B7-448D-B890-02EBC5B58AC5}
	EndGlobalSection
EndGlobal
